// !$*UTF8*$!
{
	archiveVersion = 1;
	classes = {
	};
	objectVersion = 46;
	objects = {

/* Begin PBXBuildFile section */
		3D212FE9146CE23700D18562 /* HRGlobal.m in Sources */ = {isa = PBXBuildFile; fileRef = 3D212FE8146CE23700D18562 /* HRGlobal.m */; };
		3D212FEC146CE78400D18562 /* HRRestModel.m in Sources */ = {isa = PBXBuildFile; fileRef = 3D212FEB146CE78400D18562 /* HRRestModel.m */; };
		3D212FF0146CFB2E00D18562 /* HRRequestOperation.m in Sources */ = {isa = PBXBuildFile; fileRef = 3D212FEF146CFB2E00D18562 /* HRRequestOperation.m */; };
		3D212FF5146D0D9A00D18562 /* NSDictionary+ParamUtils.m in Sources */ = {isa = PBXBuildFile; fileRef = 3D212FF4146D0D9A00D18562 /* NSDictionary+ParamUtils.m */; };
		3D212FF8146D0DBB00D18562 /* NSObject+InvocationUtils.m in Sources */ = {isa = PBXBuildFile; fileRef = 3D212FF7146D0DBB00D18562 /* NSObject+InvocationUtils.m */; };
		3D212FFB146D0DD900D18562 /* NSString+EscapingUtils.m in Sources */ = {isa = PBXBuildFile; fileRef = 3D212FFA146D0DD900D18562 /* NSString+EscapingUtils.m */; };
		3D871833146DF2B600C12C0D /* HRFormatJSON.m in Sources */ = {isa = PBXBuildFile; fileRef = 3D871832146DF2B600C12C0D /* HRFormatJSON.m */; };
		3D8990F914709C7C0010FFF5 /* SBJsonParser.m in Sources */ = {isa = PBXBuildFile; fileRef = 3D8990F814709C7C0010FFF5 /* SBJsonParser.m */; };
		3D89910114709D120010FFF5 /* SBJsonBase.m in Sources */ = {isa = PBXBuildFile; fileRef = 3D89910014709D120010FFF5 /* SBJsonBase.m */; };
		3D89910414709D3B0010FFF5 /* SBJsonWriter.m in Sources */ = {isa = PBXBuildFile; fileRef = 3D89910314709D3B0010FFF5 /* SBJsonWriter.m */; };
		3D9FE2091473A73100232152 /* PhotoFormatter.m in Sources */ = {isa = PBXBuildFile; fileRef = 3D9FE2081473A73100232152 /* PhotoFormatter.m */; };
		3D9FE20D1473A93300232152 /* HRRequestOperation+PhotoExt.m in Sources */ = {isa = PBXBuildFile; fileRef = 3D9FE20C1473A93300232152 /* HRRequestOperation+PhotoExt.m */; };
		3DCE4B48147100790061C9E5 /* SBJSON.m in Sources */ = {isa = PBXBuildFile; fileRef = 3DCE4B47147100790061C9E5 /* SBJSON.m */; };
		3DCE4B4C14721D810061C9E5 /* NSObject+SBJSON.m in Sources */ = {isa = PBXBuildFile; fileRef = 3DCE4B4B14721D810061C9E5 /* NSObject+SBJSON.m */; };
		3DCE4B4F14721DAE0061C9E5 /* NSString+SBJSON.m in Sources */ = {isa = PBXBuildFile; fileRef = 3DCE4B4E14721DAD0061C9E5 /* NSString+SBJSON.m */; };
		3DCE4B521472316C0061C9E5 /* HRFormatXML.m in Sources */ = {isa = PBXBuildFile; fileRef = 3DCE4B511472316C0061C9E5 /* HRFormatXML.m */; };
		3DCE4B56147233A50061C9E5 /* HRBase64.m in Sources */ = {isa = PBXBuildFile; fileRef = 3DCE4B55147233A50061C9E5 /* HRBase64.m */; };
		3DCE4B59147240970061C9E5 /* HROperationQueue.m in Sources */ = {isa = PBXBuildFile; fileRef = 3DCE4B58147240950061C9E5 /* HROperationQueue.m */; };
		3DCE4B6214724EA30061C9E5 /* AIXMLDocumentSerialize.m in Sources */ = {isa = PBXBuildFile; fileRef = 3DCE4B6114724EA30061C9E5 /* AIXMLDocumentSerialize.m */; };
		3DCE4B6514724EC30061C9E5 /* AIXMLElementSerialize.m in Sources */ = {isa = PBXBuildFile; fileRef = 3DCE4B6414724EC30061C9E5 /* AIXMLElementSerialize.m */; };
		3DCE4B7414724F990061C9E5 /* DDXMLDocument.m in Sources */ = {isa = PBXBuildFile; fileRef = 3DCE4B6A14724F990061C9E5 /* DDXMLDocument.m */; };
		3DCE4B7514724F990061C9E5 /* DDXMLElement.m in Sources */ = {isa = PBXBuildFile; fileRef = 3DCE4B6C14724F990061C9E5 /* DDXMLElement.m */; };
		3DCE4B7614724F990061C9E5 /* DDXMLElementAdditions.m in Sources */ = {isa = PBXBuildFile; fileRef = 3DCE4B6E14724F990061C9E5 /* DDXMLElementAdditions.m */; };
		3DCE4B7714724F990061C9E5 /* DDXMLNode.m in Sources */ = {isa = PBXBuildFile; fileRef = 3DCE4B7014724F990061C9E5 /* DDXMLNode.m */; };
		3DCE4B7814724F990061C9E5 /* NSStringAdditions.m in Sources */ = {isa = PBXBuildFile; fileRef = 3DCE4B7314724F990061C9E5 /* NSStringAdditions.m */; };
		3DCE4B7A147257220061C9E5 /* libxml2.2.7.3.dylib in Frameworks */ = {isa = PBXBuildFile; fileRef = 3DCE4B79147257210061C9E5 /* libxml2.2.7.3.dylib */; };
		3DD481B7146A2E9C00907E04 /* UIKit.framework in Frameworks */ = {isa = PBXBuildFile; fileRef = 3DD481B6146A2E9C00907E04 /* UIKit.framework */; };
		3DD481B9146A2E9C00907E04 /* Foundation.framework in Frameworks */ = {isa = PBXBuildFile; fileRef = 3DD481B8146A2E9C00907E04 /* Foundation.framework */; };
		3DD481BB146A2E9C00907E04 /* CoreGraphics.framework in Frameworks */ = {isa = PBXBuildFile; fileRef = 3DD481BA146A2E9C00907E04 /* CoreGraphics.framework */; };
		3DD481C1146A2E9C00907E04 /* InfoPlist.strings in Resources */ = {isa = PBXBuildFile; fileRef = 3DD481BF146A2E9C00907E04 /* InfoPlist.strings */; };
		3DD481C3146A2E9C00907E04 /* main.m in Sources */ = {isa = PBXBuildFile; fileRef = 3DD481C2146A2E9C00907E04 /* main.m */; };
		3DD481C7146A2E9C00907E04 /* AppDelegate.m in Sources */ = {isa = PBXBuildFile; fileRef = 3DD481C6146A2E9C00907E04 /* AppDelegate.m */; };
		3DD481CA146A2E9C00907E04 /* MainStoryboard_iPhone.storyboard in Resources */ = {isa = PBXBuildFile; fileRef = 3DD481C8146A2E9C00907E04 /* MainStoryboard_iPhone.storyboard */; };
		3DD481CD146A2E9C00907E04 /* MainStoryboard_iPad.storyboard in Resources */ = {isa = PBXBuildFile; fileRef = 3DD481CB146A2E9C00907E04 /* MainStoryboard_iPad.storyboard */; };
		3DD481D0146A2E9C00907E04 /* MapViewController.m in Sources */ = {isa = PBXBuildFile; fileRef = 3DD481CF146A2E9C00907E04 /* MapViewController.m */; };
		3DD481D2146A2E9C00907E04 /* first.png in Resources */ = {isa = PBXBuildFile; fileRef = 3DD481D1146A2E9C00907E04 /* first.png */; };
		3DD481D4146A2E9D00907E04 /* first@2x.png in Resources */ = {isa = PBXBuildFile; fileRef = 3DD481D3146A2E9D00907E04 /* first@2x.png */; };
		3DD481D7146A2E9D00907E04 /* SearchViewController.m in Sources */ = {isa = PBXBuildFile; fileRef = 3DD481D6146A2E9D00907E04 /* SearchViewController.m */; };
		3DD481D9146A2E9D00907E04 /* second.png in Resources */ = {isa = PBXBuildFile; fileRef = 3DD481D8146A2E9D00907E04 /* second.png */; };
		3DD481DB146A2E9D00907E04 /* second@2x.png in Resources */ = {isa = PBXBuildFile; fileRef = 3DD481DA146A2E9D00907E04 /* second@2x.png */; };
		3DD481E3146A2E9D00907E04 /* SenTestingKit.framework in Frameworks */ = {isa = PBXBuildFile; fileRef = 3DD481E2146A2E9D00907E04 /* SenTestingKit.framework */; };
		3DD481E4146A2E9D00907E04 /* UIKit.framework in Frameworks */ = {isa = PBXBuildFile; fileRef = 3DD481B6146A2E9C00907E04 /* UIKit.framework */; };
		3DD481E5146A2E9D00907E04 /* Foundation.framework in Frameworks */ = {isa = PBXBuildFile; fileRef = 3DD481B8146A2E9C00907E04 /* Foundation.framework */; };
		3DD481ED146A2E9D00907E04 /* InfoPlist.strings in Resources */ = {isa = PBXBuildFile; fileRef = 3DD481EB146A2E9D00907E04 /* InfoPlist.strings */; };
		3DD481F0146A2E9D00907E04 /* CompanyMapTests.m in Sources */ = {isa = PBXBuildFile; fileRef = 3DD481EF146A2E9D00907E04 /* CompanyMapTests.m */; };
		3DD481FA146A37CC00907E04 /* MapKit.framework in Frameworks */ = {isa = PBXBuildFile; fileRef = 3DD481F9146A37CC00907E04 /* MapKit.framework */; };
		3DD481FC146A37E100907E04 /* CoreLocation.framework in Frameworks */ = {isa = PBXBuildFile; fileRef = 3DD481FB146A37E100907E04 /* CoreLocation.framework */; };
		3DD48200146A3B5C00907E04 /* RecordViewController.m in Sources */ = {isa = PBXBuildFile; fileRef = 3DD481FE146A3B5C00907E04 /* RecordViewController.m */; };
		3DD4820F146A4B9400907E04 /* Company.xcdatamodeld in Sources */ = {isa = PBXBuildFile; fileRef = 3DD4820D146A4B9400907E04 /* Company.xcdatamodeld */; };
		3DD48212146A608A00907E04 /* CompanyMapDataManager.m in Sources */ = {isa = PBXBuildFile; fileRef = 3DD48211146A608A00907E04 /* CompanyMapDataManager.m */; };
		3DD568B2147A20330001A1EC /* CoreData.framework in Frameworks */ = {isa = PBXBuildFile; fileRef = 3DD568B1147A20330001A1EC /* CoreData.framework */; };
		3DF1A0A2146A6BFC0070CA74 /* Visit.m in Sources */ = {isa = PBXBuildFile; fileRef = 3DF1A0A1146A6BFC0070CA74 /* Visit.m */; };
		3DF1A0A5146A6BFD0070CA74 /* Company.m in Sources */ = {isa = PBXBuildFile; fileRef = 3DF1A0A4146A6BFD0070CA74 /* Company.m */; };
		3DF68794146CD0A20096A67B /* FoursquareWebLogin.m in Sources */ = {isa = PBXBuildFile; fileRef = 3DF68792146CD0A20096A67B /* FoursquareWebLogin.m */; };
		3DF6879B146CE0940096A67B /* Foursquare2.m in Sources */ = {isa = PBXBuildFile; fileRef = 3DF6879A146CE0940096A67B /* Foursquare2.m */; };
/* End PBXBuildFile section */

/* Begin PBXContainerItemProxy section */
		3DD481E6146A2E9D00907E04 /* PBXContainerItemProxy */ = {
			isa = PBXContainerItemProxy;
			containerPortal = 3DD481A9146A2E9C00907E04 /* Project object */;
			proxyType = 1;
			remoteGlobalIDString = 3DD481B1146A2E9C00907E04;
			remoteInfo = CompanyMap;
		};
/* End PBXContainerItemProxy section */

/* Begin PBXFileReference section */
		3D212FE7146CE23700D18562 /* HRGlobal.h */ = {isa = PBXFileReference; fileEncoding = 4; lastKnownFileType = sourcecode.c.h; path = HRGlobal.h; sourceTree = "<group>"; };
		3D212FE8146CE23700D18562 /* HRGlobal.m */ = {isa = PBXFileReference; fileEncoding = 4; lastKnownFileType = sourcecode.c.objc; path = HRGlobal.m; sourceTree = "<group>"; };
		3D212FEA146CE78400D18562 /* HRRestModel.h */ = {isa = PBXFileReference; fileEncoding = 4; lastKnownFileType = sourcecode.c.h; path = HRRestModel.h; sourceTree = "<group>"; };
		3D212FEB146CE78400D18562 /* HRRestModel.m */ = {isa = PBXFileReference; fileEncoding = 4; lastKnownFileType = sourcecode.c.objc; path = HRRestModel.m; sourceTree = "<group>"; };
		3D212FED146CF9E500D18562 /* HRResponseDelegate.h */ = {isa = PBXFileReference; fileEncoding = 4; lastKnownFileType = sourcecode.c.h; path = HRResponseDelegate.h; sourceTree = "<group>"; };
		3D212FEE146CFB2E00D18562 /* HRRequestOperation.h */ = {isa = PBXFileReference; fileEncoding = 4; lastKnownFileType = sourcecode.c.h; path = HRRequestOperation.h; sourceTree = "<group>"; };
		3D212FEF146CFB2E00D18562 /* HRRequestOperation.m */ = {isa = PBXFileReference; fileEncoding = 4; lastKnownFileType = sourcecode.c.objc; path = HRRequestOperation.m; sourceTree = "<group>"; };
		3D212FF3146D0D9A00D18562 /* NSDictionary+ParamUtils.h */ = {isa = PBXFileReference; fileEncoding = 4; lastKnownFileType = sourcecode.c.h; path = "NSDictionary+ParamUtils.h"; sourceTree = "<group>"; };
		3D212FF4146D0D9A00D18562 /* NSDictionary+ParamUtils.m */ = {isa = PBXFileReference; fileEncoding = 4; lastKnownFileType = sourcecode.c.objc; path = "NSDictionary+ParamUtils.m"; sourceTree = "<group>"; };
		3D212FF6146D0DBB00D18562 /* NSObject+InvocationUtils.h */ = {isa = PBXFileReference; fileEncoding = 4; lastKnownFileType = sourcecode.c.h; path = "NSObject+InvocationUtils.h"; sourceTree = "<group>"; };
		3D212FF7146D0DBB00D18562 /* NSObject+InvocationUtils.m */ = {isa = PBXFileReference; fileEncoding = 4; lastKnownFileType = sourcecode.c.objc; path = "NSObject+InvocationUtils.m"; sourceTree = "<group>"; };
		3D212FF9146D0DD900D18562 /* NSString+EscapingUtils.h */ = {isa = PBXFileReference; fileEncoding = 4; lastKnownFileType = sourcecode.c.h; path = "NSString+EscapingUtils.h"; sourceTree = "<group>"; };
		3D212FFA146D0DD900D18562 /* NSString+EscapingUtils.m */ = {isa = PBXFileReference; fileEncoding = 4; lastKnownFileType = sourcecode.c.objc; path = "NSString+EscapingUtils.m"; sourceTree = "<group>"; };
		3D871831146DF2B600C12C0D /* HRFormatJSON.h */ = {isa = PBXFileReference; fileEncoding = 4; lastKnownFileType = sourcecode.c.h; path = HRFormatJSON.h; sourceTree = "<group>"; };
		3D871832146DF2B600C12C0D /* HRFormatJSON.m */ = {isa = PBXFileReference; fileEncoding = 4; lastKnownFileType = sourcecode.c.objc; path = HRFormatJSON.m; sourceTree = "<group>"; };
		3D871835146DF2EA00C12C0D /* HRFormatterProtocol.h */ = {isa = PBXFileReference; fileEncoding = 4; lastKnownFileType = sourcecode.c.h; path = HRFormatterProtocol.h; sourceTree = "<group>"; };
		3D871838146E635500C12C0D /* JSON.h */ = {isa = PBXFileReference; fileEncoding = 4; lastKnownFileType = sourcecode.c.h; path = JSON.h; sourceTree = "<group>"; };
		3D8990F714709C7C0010FFF5 /* SBJsonParser.h */ = {isa = PBXFileReference; fileEncoding = 4; lastKnownFileType = sourcecode.c.h; path = SBJsonParser.h; sourceTree = "<group>"; };
		3D8990F814709C7C0010FFF5 /* SBJsonParser.m */ = {isa = PBXFileReference; fileEncoding = 4; lastKnownFileType = sourcecode.c.objc; path = SBJsonParser.m; sourceTree = "<group>"; };
		3D8990FF14709D120010FFF5 /* SBJsonBase.h */ = {isa = PBXFileReference; fileEncoding = 4; lastKnownFileType = sourcecode.c.h; path = SBJsonBase.h; sourceTree = "<group>"; };
		3D89910014709D120010FFF5 /* SBJsonBase.m */ = {isa = PBXFileReference; fileEncoding = 4; lastKnownFileType = sourcecode.c.objc; path = SBJsonBase.m; sourceTree = "<group>"; };
		3D89910214709D3B0010FFF5 /* SBJsonWriter.h */ = {isa = PBXFileReference; fileEncoding = 4; lastKnownFileType = sourcecode.c.h; path = SBJsonWriter.h; sourceTree = "<group>"; };
		3D89910314709D3B0010FFF5 /* SBJsonWriter.m */ = {isa = PBXFileReference; fileEncoding = 4; lastKnownFileType = sourcecode.c.objc; path = SBJsonWriter.m; sourceTree = "<group>"; };
		3D9FE2071473A73100232152 /* PhotoFormatter.h */ = {isa = PBXFileReference; fileEncoding = 4; lastKnownFileType = sourcecode.c.h; path = PhotoFormatter.h; sourceTree = "<group>"; };
		3D9FE2081473A73100232152 /* PhotoFormatter.m */ = {isa = PBXFileReference; fileEncoding = 4; lastKnownFileType = sourcecode.c.objc; path = PhotoFormatter.m; sourceTree = "<group>"; };
		3D9FE20B1473A93300232152 /* HRRequestOperation+PhotoExt.h */ = {isa = PBXFileReference; fileEncoding = 4; lastKnownFileType = sourcecode.c.h; path = "HRRequestOperation+PhotoExt.h"; sourceTree = "<group>"; };
		3D9FE20C1473A93300232152 /* HRRequestOperation+PhotoExt.m */ = {isa = PBXFileReference; fileEncoding = 4; lastKnownFileType = sourcecode.c.objc; path = "HRRequestOperation+PhotoExt.m"; sourceTree = "<group>"; };
		3DCE4B46147100790061C9E5 /* SBJSON.h */ = {isa = PBXFileReference; fileEncoding = 4; lastKnownFileType = sourcecode.c.h; path = SBJSON.h; sourceTree = "<group>"; };
		3DCE4B47147100790061C9E5 /* SBJSON.m */ = {isa = PBXFileReference; fileEncoding = 4; lastKnownFileType = sourcecode.c.objc; path = SBJSON.m; sourceTree = "<group>"; };
		3DCE4B4A14721D810061C9E5 /* NSObject+SBJSON.h */ = {isa = PBXFileReference; fileEncoding = 4; lastKnownFileType = sourcecode.c.h; path = "NSObject+SBJSON.h"; sourceTree = "<group>"; };
		3DCE4B4B14721D810061C9E5 /* NSObject+SBJSON.m */ = {isa = PBXFileReference; fileEncoding = 4; lastKnownFileType = sourcecode.c.objc; path = "NSObject+SBJSON.m"; sourceTree = "<group>"; };
		3DCE4B4D14721DAD0061C9E5 /* NSString+SBJSON.h */ = {isa = PBXFileReference; fileEncoding = 4; lastKnownFileType = sourcecode.c.h; path = "NSString+SBJSON.h"; sourceTree = "<group>"; };
		3DCE4B4E14721DAD0061C9E5 /* NSString+SBJSON.m */ = {isa = PBXFileReference; fileEncoding = 4; lastKnownFileType = sourcecode.c.objc; path = "NSString+SBJSON.m"; sourceTree = "<group>"; };
		3DCE4B501472316C0061C9E5 /* HRFormatXML.h */ = {isa = PBXFileReference; fileEncoding = 4; lastKnownFileType = sourcecode.c.h; path = HRFormatXML.h; sourceTree = "<group>"; };
		3DCE4B511472316C0061C9E5 /* HRFormatXML.m */ = {isa = PBXFileReference; fileEncoding = 4; lastKnownFileType = sourcecode.c.objc; path = HRFormatXML.m; sourceTree = "<group>"; };
		3DCE4B54147233A50061C9E5 /* HRBase64.h */ = {isa = PBXFileReference; fileEncoding = 4; lastKnownFileType = sourcecode.c.h; path = HRBase64.h; sourceTree = "<group>"; };
		3DCE4B55147233A50061C9E5 /* HRBase64.m */ = {isa = PBXFileReference; fileEncoding = 4; lastKnownFileType = sourcecode.c.objc; path = HRBase64.m; sourceTree = "<group>"; };
		3DCE4B57147240950061C9E5 /* HROperationQueue.h */ = {isa = PBXFileReference; fileEncoding = 4; lastKnownFileType = sourcecode.c.h; path = HROperationQueue.h; sourceTree = "<group>"; };
		3DCE4B58147240950061C9E5 /* HROperationQueue.m */ = {isa = PBXFileReference; fileEncoding = 4; lastKnownFileType = sourcecode.c.objc; path = HROperationQueue.m; sourceTree = "<group>"; };
		3DCE4B5F14724DF40061C9E5 /* AIXMLSerialization.h */ = {isa = PBXFileReference; fileEncoding = 4; lastKnownFileType = sourcecode.c.h; path = AIXMLSerialization.h; sourceTree = "<group>"; };
		3DCE4B6014724EA30061C9E5 /* AIXMLDocumentSerialize.h */ = {isa = PBXFileReference; fileEncoding = 4; lastKnownFileType = sourcecode.c.h; path = AIXMLDocumentSerialize.h; sourceTree = "<group>"; };
		3DCE4B6114724EA30061C9E5 /* AIXMLDocumentSerialize.m */ = {isa = PBXFileReference; fileEncoding = 4; lastKnownFileType = sourcecode.c.objc; path = AIXMLDocumentSerialize.m; sourceTree = "<group>"; };
		3DCE4B6314724EC30061C9E5 /* AIXMLElementSerialize.h */ = {isa = PBXFileReference; fileEncoding = 4; lastKnownFileType = sourcecode.c.h; path = AIXMLElementSerialize.h; sourceTree = "<group>"; };
		3DCE4B6414724EC30061C9E5 /* AIXMLElementSerialize.m */ = {isa = PBXFileReference; fileEncoding = 4; lastKnownFileType = sourcecode.c.objc; path = AIXMLElementSerialize.m; sourceTree = "<group>"; };
		3DCE4B6814724F990061C9E5 /* DDXML.h */ = {isa = PBXFileReference; fileEncoding = 4; lastKnownFileType = sourcecode.c.h; path = DDXML.h; sourceTree = "<group>"; };
		3DCE4B6914724F990061C9E5 /* DDXMLDocument.h */ = {isa = PBXFileReference; fileEncoding = 4; lastKnownFileType = sourcecode.c.h; path = DDXMLDocument.h; sourceTree = "<group>"; };
		3DCE4B6A14724F990061C9E5 /* DDXMLDocument.m */ = {isa = PBXFileReference; fileEncoding = 4; lastKnownFileType = sourcecode.c.objc; path = DDXMLDocument.m; sourceTree = "<group>"; };
		3DCE4B6B14724F990061C9E5 /* DDXMLElement.h */ = {isa = PBXFileReference; fileEncoding = 4; lastKnownFileType = sourcecode.c.h; path = DDXMLElement.h; sourceTree = "<group>"; };
		3DCE4B6C14724F990061C9E5 /* DDXMLElement.m */ = {isa = PBXFileReference; fileEncoding = 4; lastKnownFileType = sourcecode.c.objc; path = DDXMLElement.m; sourceTree = "<group>"; };
		3DCE4B6D14724F990061C9E5 /* DDXMLElementAdditions.h */ = {isa = PBXFileReference; fileEncoding = 4; lastKnownFileType = sourcecode.c.h; path = DDXMLElementAdditions.h; sourceTree = "<group>"; };
		3DCE4B6E14724F990061C9E5 /* DDXMLElementAdditions.m */ = {isa = PBXFileReference; fileEncoding = 4; lastKnownFileType = sourcecode.c.objc; path = DDXMLElementAdditions.m; sourceTree = "<group>"; };
		3DCE4B6F14724F990061C9E5 /* DDXMLNode.h */ = {isa = PBXFileReference; fileEncoding = 4; lastKnownFileType = sourcecode.c.h; path = DDXMLNode.h; sourceTree = "<group>"; };
		3DCE4B7014724F990061C9E5 /* DDXMLNode.m */ = {isa = PBXFileReference; fileEncoding = 4; lastKnownFileType = sourcecode.c.objc; path = DDXMLNode.m; sourceTree = "<group>"; };
		3DCE4B7114724F990061C9E5 /* DDXMLPrivate.h */ = {isa = PBXFileReference; fileEncoding = 4; lastKnownFileType = sourcecode.c.h; path = DDXMLPrivate.h; sourceTree = "<group>"; };
		3DCE4B7214724F990061C9E5 /* NSStringAdditions.h */ = {isa = PBXFileReference; fileEncoding = 4; lastKnownFileType = sourcecode.c.h; path = NSStringAdditions.h; sourceTree = "<group>"; };
		3DCE4B7314724F990061C9E5 /* NSStringAdditions.m */ = {isa = PBXFileReference; fileEncoding = 4; lastKnownFileType = sourcecode.c.objc; path = NSStringAdditions.m; sourceTree = "<group>"; };
		3DCE4B79147257210061C9E5 /* libxml2.2.7.3.dylib */ = {isa = PBXFileReference; lastKnownFileType = "compiled.mach-o.dylib"; name = libxml2.2.7.3.dylib; path = usr/lib/libxml2.2.7.3.dylib; sourceTree = SDKROOT; };
		3DD481B2146A2E9C00907E04 /* CompanyMap.app */ = {isa = PBXFileReference; explicitFileType = wrapper.application; includeInIndex = 0; path = CompanyMap.app; sourceTree = BUILT_PRODUCTS_DIR; };
		3DD481B6146A2E9C00907E04 /* UIKit.framework */ = {isa = PBXFileReference; lastKnownFileType = wrapper.framework; name = UIKit.framework; path = System/Library/Frameworks/UIKit.framework; sourceTree = SDKROOT; };
		3DD481B8146A2E9C00907E04 /* Foundation.framework */ = {isa = PBXFileReference; lastKnownFileType = wrapper.framework; name = Foundation.framework; path = System/Library/Frameworks/Foundation.framework; sourceTree = SDKROOT; };
		3DD481BA146A2E9C00907E04 /* CoreGraphics.framework */ = {isa = PBXFileReference; lastKnownFileType = wrapper.framework; name = CoreGraphics.framework; path = System/Library/Frameworks/CoreGraphics.framework; sourceTree = SDKROOT; };
		3DD481BE146A2E9C00907E04 /* CompanyMap-Info.plist */ = {isa = PBXFileReference; lastKnownFileType = text.plist.xml; path = "CompanyMap-Info.plist"; sourceTree = "<group>"; };
		3DD481C0146A2E9C00907E04 /* en */ = {isa = PBXFileReference; lastKnownFileType = text.plist.strings; name = en; path = en.lproj/InfoPlist.strings; sourceTree = "<group>"; };
		3DD481C2146A2E9C00907E04 /* main.m */ = {isa = PBXFileReference; lastKnownFileType = sourcecode.c.objc; path = main.m; sourceTree = "<group>"; };
		3DD481C4146A2E9C00907E04 /* CompanyMap-Prefix.pch */ = {isa = PBXFileReference; lastKnownFileType = sourcecode.c.h; path = "CompanyMap-Prefix.pch"; sourceTree = "<group>"; };
		3DD481C5146A2E9C00907E04 /* AppDelegate.h */ = {isa = PBXFileReference; lastKnownFileType = sourcecode.c.h; path = AppDelegate.h; sourceTree = "<group>"; };
		3DD481C6146A2E9C00907E04 /* AppDelegate.m */ = {isa = PBXFileReference; lastKnownFileType = sourcecode.c.objc; path = AppDelegate.m; sourceTree = "<group>"; };
		3DD481C9146A2E9C00907E04 /* en */ = {isa = PBXFileReference; lastKnownFileType = file.storyboard; name = en; path = en.lproj/MainStoryboard_iPhone.storyboard; sourceTree = "<group>"; };
		3DD481CC146A2E9C00907E04 /* en */ = {isa = PBXFileReference; lastKnownFileType = file.storyboard; name = en; path = en.lproj/MainStoryboard_iPad.storyboard; sourceTree = "<group>"; };
		3DD481CE146A2E9C00907E04 /* MapViewController.h */ = {isa = PBXFileReference; lastKnownFileType = sourcecode.c.h; path = MapViewController.h; sourceTree = "<group>"; };
		3DD481CF146A2E9C00907E04 /* MapViewController.m */ = {isa = PBXFileReference; lastKnownFileType = sourcecode.c.objc; path = MapViewController.m; sourceTree = "<group>"; };
		3DD481D1146A2E9C00907E04 /* first.png */ = {isa = PBXFileReference; lastKnownFileType = image.png; path = first.png; sourceTree = "<group>"; };
		3DD481D3146A2E9D00907E04 /* first@2x.png */ = {isa = PBXFileReference; lastKnownFileType = image.png; path = "first@2x.png"; sourceTree = "<group>"; };
		3DD481D5146A2E9D00907E04 /* SearchViewController.h */ = {isa = PBXFileReference; lastKnownFileType = sourcecode.c.h; path = SearchViewController.h; sourceTree = "<group>"; };
		3DD481D6146A2E9D00907E04 /* SearchViewController.m */ = {isa = PBXFileReference; lastKnownFileType = sourcecode.c.objc; path = SearchViewController.m; sourceTree = "<group>"; };
		3DD481D8146A2E9D00907E04 /* second.png */ = {isa = PBXFileReference; lastKnownFileType = image.png; path = second.png; sourceTree = "<group>"; };
		3DD481DA146A2E9D00907E04 /* second@2x.png */ = {isa = PBXFileReference; lastKnownFileType = image.png; path = "second@2x.png"; sourceTree = "<group>"; };
		3DD481E1146A2E9D00907E04 /* CompanyMapTests.octest */ = {isa = PBXFileReference; explicitFileType = wrapper.cfbundle; includeInIndex = 0; path = CompanyMapTests.octest; sourceTree = BUILT_PRODUCTS_DIR; };
		3DD481E2146A2E9D00907E04 /* SenTestingKit.framework */ = {isa = PBXFileReference; lastKnownFileType = wrapper.framework; name = SenTestingKit.framework; path = Library/Frameworks/SenTestingKit.framework; sourceTree = DEVELOPER_DIR; };
		3DD481EA146A2E9D00907E04 /* CompanyMapTests-Info.plist */ = {isa = PBXFileReference; lastKnownFileType = text.plist.xml; path = "CompanyMapTests-Info.plist"; sourceTree = "<group>"; };
		3DD481EC146A2E9D00907E04 /* en */ = {isa = PBXFileReference; lastKnownFileType = text.plist.strings; name = en; path = en.lproj/InfoPlist.strings; sourceTree = "<group>"; };
		3DD481EE146A2E9D00907E04 /* CompanyMapTests.h */ = {isa = PBXFileReference; lastKnownFileType = sourcecode.c.h; path = CompanyMapTests.h; sourceTree = "<group>"; };
		3DD481EF146A2E9D00907E04 /* CompanyMapTests.m */ = {isa = PBXFileReference; lastKnownFileType = sourcecode.c.objc; path = CompanyMapTests.m; sourceTree = "<group>"; };
		3DD481F9146A37CC00907E04 /* MapKit.framework */ = {isa = PBXFileReference; lastKnownFileType = wrapper.framework; name = MapKit.framework; path = System/Library/Frameworks/MapKit.framework; sourceTree = SDKROOT; };
		3DD481FB146A37E100907E04 /* CoreLocation.framework */ = {isa = PBXFileReference; lastKnownFileType = wrapper.framework; name = CoreLocation.framework; path = System/Library/Frameworks/CoreLocation.framework; sourceTree = SDKROOT; };
		3DD481FD146A3B5C00907E04 /* RecordViewController.h */ = {isa = PBXFileReference; fileEncoding = 4; lastKnownFileType = sourcecode.c.h; path = RecordViewController.h; sourceTree = "<group>"; };
		3DD481FE146A3B5C00907E04 /* RecordViewController.m */ = {isa = PBXFileReference; fileEncoding = 4; lastKnownFileType = sourcecode.c.objc; path = RecordViewController.m; sourceTree = "<group>"; };
		3DD4820E146A4B9400907E04 /* Company.xcdatamodel */ = {isa = PBXFileReference; lastKnownFileType = wrapper.xcdatamodel; path = Company.xcdatamodel; sourceTree = "<group>"; };
		3DD48210146A608A00907E04 /* CompanyMapDataManager.h */ = {isa = PBXFileReference; fileEncoding = 4; lastKnownFileType = sourcecode.c.h; path = CompanyMapDataManager.h; sourceTree = "<group>"; };
		3DD48211146A608A00907E04 /* CompanyMapDataManager.m */ = {isa = PBXFileReference; fileEncoding = 4; lastKnownFileType = sourcecode.c.objc; path = CompanyMapDataManager.m; sourceTree = "<group>"; };
		3DD568B1147A20330001A1EC /* CoreData.framework */ = {isa = PBXFileReference; lastKnownFileType = wrapper.framework; name = CoreData.framework; path = System/Library/Frameworks/CoreData.framework; sourceTree = SDKROOT; };
		3DEF1C7B14733FD70036B4F0 /* HTTPRiot.h */ = {isa = PBXFileReference; fileEncoding = 4; lastKnownFileType = sourcecode.c.h; path = HTTPRiot.h; sourceTree = "<group>"; };
		3DF1A0A0146A6BFC0070CA74 /* Visit.h */ = {isa = PBXFileReference; fileEncoding = 4; lastKnownFileType = sourcecode.c.h; path = Visit.h; sourceTree = "<group>"; };
		3DF1A0A1146A6BFC0070CA74 /* Visit.m */ = {isa = PBXFileReference; fileEncoding = 4; lastKnownFileType = sourcecode.c.objc; path = Visit.m; sourceTree = "<group>"; };
		3DF1A0A3146A6BFD0070CA74 /* Company.h */ = {isa = PBXFileReference; fileEncoding = 4; lastKnownFileType = sourcecode.c.h; path = Company.h; sourceTree = "<group>"; };
		3DF1A0A4146A6BFD0070CA74 /* Company.m */ = {isa = PBXFileReference; fileEncoding = 4; lastKnownFileType = sourcecode.c.objc; path = Company.m; sourceTree = "<group>"; };
		3DF68791146CD0A20096A67B /* FoursquareWebLogin.h */ = {isa = PBXFileReference; fileEncoding = 4; lastKnownFileType = sourcecode.c.h; path = FoursquareWebLogin.h; sourceTree = "<group>"; };
		3DF68792146CD0A20096A67B /* FoursquareWebLogin.m */ = {isa = PBXFileReference; fileEncoding = 4; lastKnownFileType = sourcecode.c.objc; path = FoursquareWebLogin.m; sourceTree = "<group>"; };
		3DF68797146CD73B0096A67B /* Constants.h */ = {isa = PBXFileReference; fileEncoding = 4; lastKnownFileType = sourcecode.c.h; path = Constants.h; sourceTree = "<group>"; };
		3DF68799146CE0940096A67B /* Foursquare2.h */ = {isa = PBXFileReference; fileEncoding = 4; lastKnownFileType = sourcecode.c.h; path = Foursquare2.h; sourceTree = "<group>"; };
		3DF6879A146CE0940096A67B /* Foursquare2.m */ = {isa = PBXFileReference; fileEncoding = 4; lastKnownFileType = sourcecode.c.objc; path = Foursquare2.m; sourceTree = "<group>"; };
/* End PBXFileReference section */

/* Begin PBXFrameworksBuildPhase section */
		3DD481AF146A2E9C00907E04 /* Frameworks */ = {
			isa = PBXFrameworksBuildPhase;
			buildActionMask = 2147483647;
			files = (
				3DD568B2147A20330001A1EC /* CoreData.framework in Frameworks */,
				3DCE4B7A147257220061C9E5 /* libxml2.2.7.3.dylib in Frameworks */,
				3DD481FC146A37E100907E04 /* CoreLocation.framework in Frameworks */,
				3DD481FA146A37CC00907E04 /* MapKit.framework in Frameworks */,
				3DD481B7146A2E9C00907E04 /* UIKit.framework in Frameworks */,
				3DD481B9146A2E9C00907E04 /* Foundation.framework in Frameworks */,
				3DD481BB146A2E9C00907E04 /* CoreGraphics.framework in Frameworks */,
			);
			runOnlyForDeploymentPostprocessing = 0;
		};
		3DD481DD146A2E9D00907E04 /* Frameworks */ = {
			isa = PBXFrameworksBuildPhase;
			buildActionMask = 2147483647;
			files = (
				3DD481E3146A2E9D00907E04 /* SenTestingKit.framework in Frameworks */,
				3DD481E4146A2E9D00907E04 /* UIKit.framework in Frameworks */,
				3DD481E5146A2E9D00907E04 /* Foundation.framework in Frameworks */,
			);
			runOnlyForDeploymentPostprocessing = 0;
		};
/* End PBXFrameworksBuildPhase section */

/* Begin PBXGroup section */
		3D212FE5146CE1F100D18562 /* HTTPRiot */ = {
			isa = PBXGroup;
			children = (
				3DCE4B531472337F0061C9E5 /* Utilities */,
				3D871836146E630900C12C0D /* Vendor */,
				3D212FF2146D0D6C00D18562 /* Formatters */,
				3D212FF1146D0D6000D18562 /* Extensions */,
				3D212FE7146CE23700D18562 /* HRGlobal.h */,
				3D212FE8146CE23700D18562 /* HRGlobal.m */,
				3D212FEA146CE78400D18562 /* HRRestModel.h */,
				3D212FEB146CE78400D18562 /* HRRestModel.m */,
				3D212FED146CF9E500D18562 /* HRResponseDelegate.h */,
				3D212FEE146CFB2E00D18562 /* HRRequestOperation.h */,
				3D212FEF146CFB2E00D18562 /* HRRequestOperation.m */,
				3DCE4B57147240950061C9E5 /* HROperationQueue.h */,
				3DCE4B58147240950061C9E5 /* HROperationQueue.m */,
				3DEF1C7B14733FD70036B4F0 /* HTTPRiot.h */,
			);
			name = HTTPRiot;
			sourceTree = "<group>";
		};
		3D212FF1146D0D6000D18562 /* Extensions */ = {
			isa = PBXGroup;
			children = (
				3D212FF3146D0D9A00D18562 /* NSDictionary+ParamUtils.h */,
				3D212FF4146D0D9A00D18562 /* NSDictionary+ParamUtils.m */,
				3D212FF6146D0DBB00D18562 /* NSObject+InvocationUtils.h */,
				3D212FF7146D0DBB00D18562 /* NSObject+InvocationUtils.m */,
				3D212FF9146D0DD900D18562 /* NSString+EscapingUtils.h */,
				3D212FFA146D0DD900D18562 /* NSString+EscapingUtils.m */,
			);
			name = Extensions;
			sourceTree = "<group>";
		};
		3D212FF2146D0D6C00D18562 /* Formatters */ = {
			isa = PBXGroup;
			children = (
				3D871831146DF2B600C12C0D /* HRFormatJSON.h */,
				3D871832146DF2B600C12C0D /* HRFormatJSON.m */,
				3D871835146DF2EA00C12C0D /* HRFormatterProtocol.h */,
				3DCE4B501472316C0061C9E5 /* HRFormatXML.h */,
				3DCE4B511472316C0061C9E5 /* HRFormatXML.m */,
			);
			name = Formatters;
			sourceTree = "<group>";
		};
		3D871836146E630900C12C0D /* Vendor */ = {
			isa = PBXGroup;
			children = (
				3DCE4B6714724F7E0061C9E5 /* KissXML */,
				3DCE4B5E14724DBA0061C9E5 /* AIXMLSerialization */,
				3D871837146E631E00C12C0D /* JSON */,
			);
			name = Vendor;
			sourceTree = "<group>";
		};
		3D871837146E631E00C12C0D /* JSON */ = {
			isa = PBXGroup;
			children = (
				3D871838146E635500C12C0D /* JSON.h */,
				3D8990F714709C7C0010FFF5 /* SBJsonParser.h */,
				3D8990F814709C7C0010FFF5 /* SBJsonParser.m */,
				3D8990FF14709D120010FFF5 /* SBJsonBase.h */,
				3D89910014709D120010FFF5 /* SBJsonBase.m */,
				3D89910214709D3B0010FFF5 /* SBJsonWriter.h */,
				3D89910314709D3B0010FFF5 /* SBJsonWriter.m */,
				3DCE4B46147100790061C9E5 /* SBJSON.h */,
				3DCE4B47147100790061C9E5 /* SBJSON.m */,
				3DCE4B4A14721D810061C9E5 /* NSObject+SBJSON.h */,
				3DCE4B4B14721D810061C9E5 /* NSObject+SBJSON.m */,
				3DCE4B4D14721DAD0061C9E5 /* NSString+SBJSON.h */,
				3DCE4B4E14721DAD0061C9E5 /* NSString+SBJSON.m */,
			);
			name = JSON;
			sourceTree = "<group>";
		};
		3DCE4B531472337F0061C9E5 /* Utilities */ = {
			isa = PBXGroup;
			children = (
				3DCE4B54147233A50061C9E5 /* HRBase64.h */,
				3DCE4B55147233A50061C9E5 /* HRBase64.m */,
			);
			name = Utilities;
			sourceTree = "<group>";
		};
		3DCE4B5E14724DBA0061C9E5 /* AIXMLSerialization */ = {
			isa = PBXGroup;
			children = (
				3DCE4B5F14724DF40061C9E5 /* AIXMLSerialization.h */,
				3DCE4B6014724EA30061C9E5 /* AIXMLDocumentSerialize.h */,
				3DCE4B6114724EA30061C9E5 /* AIXMLDocumentSerialize.m */,
				3DCE4B6314724EC30061C9E5 /* AIXMLElementSerialize.h */,
				3DCE4B6414724EC30061C9E5 /* AIXMLElementSerialize.m */,
			);
			name = AIXMLSerialization;
			sourceTree = "<group>";
		};
		3DCE4B6714724F7E0061C9E5 /* KissXML */ = {
			isa = PBXGroup;
			children = (
				3DCE4B6814724F990061C9E5 /* DDXML.h */,
				3DCE4B6914724F990061C9E5 /* DDXMLDocument.h */,
				3DCE4B6A14724F990061C9E5 /* DDXMLDocument.m */,
				3DCE4B6B14724F990061C9E5 /* DDXMLElement.h */,
				3DCE4B6C14724F990061C9E5 /* DDXMLElement.m */,
				3DCE4B6D14724F990061C9E5 /* DDXMLElementAdditions.h */,
				3DCE4B6E14724F990061C9E5 /* DDXMLElementAdditions.m */,
				3DCE4B6F14724F990061C9E5 /* DDXMLNode.h */,
				3DCE4B7014724F990061C9E5 /* DDXMLNode.m */,
				3DCE4B7114724F990061C9E5 /* DDXMLPrivate.h */,
				3DCE4B7214724F990061C9E5 /* NSStringAdditions.h */,
				3DCE4B7314724F990061C9E5 /* NSStringAdditions.m */,
			);
			name = KissXML;
			sourceTree = "<group>";
		};
		3DD481A7146A2E9C00907E04 = {
			isa = PBXGroup;
			children = (
				3DD481BC146A2E9C00907E04 /* CompanyMap */,
				3DD481E8146A2E9D00907E04 /* CompanyMapTests */,
				3DD481B5146A2E9C00907E04 /* Frameworks */,
				3DD481B3146A2E9C00907E04 /* Products */,
			);
			sourceTree = "<group>";
		};
		3DD481B3146A2E9C00907E04 /* Products */ = {
			isa = PBXGroup;
			children = (
				3DD481B2146A2E9C00907E04 /* CompanyMap.app */,
				3DD481E1146A2E9D00907E04 /* CompanyMapTests.octest */,
			);
			name = Products;
			sourceTree = "<group>";
		};
		3DD481B5146A2E9C00907E04 /* Frameworks */ = {
			isa = PBXGroup;
			children = (
				3DD568B1147A20330001A1EC /* CoreData.framework */,
				3DCE4B79147257210061C9E5 /* libxml2.2.7.3.dylib */,
				3DD481FB146A37E100907E04 /* CoreLocation.framework */,
				3DD481F9146A37CC00907E04 /* MapKit.framework */,
				3DD481B6146A2E9C00907E04 /* UIKit.framework */,
				3DD481B8146A2E9C00907E04 /* Foundation.framework */,
				3DD481BA146A2E9C00907E04 /* CoreGraphics.framework */,
				3DD481E2146A2E9D00907E04 /* SenTestingKit.framework */,
			);
			name = Frameworks;
			sourceTree = "<group>";
		};
		3DD481BC146A2E9C00907E04 /* CompanyMap */ = {
			isa = PBXGroup;
			children = (
				3DF68798146CE0580096A67B /* Foursquare2 */,
				3DD481C5146A2E9C00907E04 /* AppDelegate.h */,
				3DD481C6146A2E9C00907E04 /* AppDelegate.m */,
				3DD481C8146A2E9C00907E04 /* MainStoryboard_iPhone.storyboard */,
				3DD481CB146A2E9C00907E04 /* MainStoryboard_iPad.storyboard */,
				3DD481CE146A2E9C00907E04 /* MapViewController.h */,
				3DD481CF146A2E9C00907E04 /* MapViewController.m */,
				3DD481D1146A2E9C00907E04 /* first.png */,
				3DD481D3146A2E9D00907E04 /* first@2x.png */,
				3DD481D5146A2E9D00907E04 /* SearchViewController.h */,
				3DD481D6146A2E9D00907E04 /* SearchViewController.m */,
				3DD481D8146A2E9D00907E04 /* second.png */,
				3DD481DA146A2E9D00907E04 /* second@2x.png */,
				3DD481BD146A2E9C00907E04 /* Supporting Files */,
				3DD481FD146A3B5C00907E04 /* RecordViewController.h */,
				3DD481FE146A3B5C00907E04 /* RecordViewController.m */,
				3DD4820D146A4B9400907E04 /* Company.xcdatamodeld */,
				3DD48210146A608A00907E04 /* CompanyMapDataManager.h */,
				3DD48211146A608A00907E04 /* CompanyMapDataManager.m */,
				3DF1A0A3146A6BFD0070CA74 /* Company.h */,
				3DF1A0A4146A6BFD0070CA74 /* Company.m */,
				3DF1A0A0146A6BFC0070CA74 /* Visit.h */,
				3DF1A0A1146A6BFC0070CA74 /* Visit.m */,
				3DF68791146CD0A20096A67B /* FoursquareWebLogin.h */,
				3DF68792146CD0A20096A67B /* FoursquareWebLogin.m */,
				3DF68797146CD73B0096A67B /* Constants.h */,
			);
			path = CompanyMap;
			sourceTree = "<group>";
		};
		3DD481BD146A2E9C00907E04 /* Supporting Files */ = {
			isa = PBXGroup;
			children = (
				3DD481BE146A2E9C00907E04 /* CompanyMap-Info.plist */,
				3DD481BF146A2E9C00907E04 /* InfoPlist.strings */,
				3DD481C2146A2E9C00907E04 /* main.m */,
				3DD481C4146A2E9C00907E04 /* CompanyMap-Prefix.pch */,
			);
			name = "Supporting Files";
			sourceTree = "<group>";
		};
		3DD481E8146A2E9D00907E04 /* CompanyMapTests */ = {
			isa = PBXGroup;
			children = (
				3DD481EE146A2E9D00907E04 /* CompanyMapTests.h */,
				3DD481EF146A2E9D00907E04 /* CompanyMapTests.m */,
				3DD481E9146A2E9D00907E04 /* Supporting Files */,
			);
			path = CompanyMapTests;
			sourceTree = "<group>";
		};
		3DD481E9146A2E9D00907E04 /* Supporting Files */ = {
			isa = PBXGroup;
			children = (
				3DD481EA146A2E9D00907E04 /* CompanyMapTests-Info.plist */,
				3DD481EB146A2E9D00907E04 /* InfoPlist.strings */,
			);
			name = "Supporting Files";
			sourceTree = "<group>";
		};
		3DF68798146CE0580096A67B /* Foursquare2 */ = {
			isa = PBXGroup;
			children = (
				3D212FE5146CE1F100D18562 /* HTTPRiot */,
				3DF68799146CE0940096A67B /* Foursquare2.h */,
				3DF6879A146CE0940096A67B /* Foursquare2.m */,
				3D9FE2071473A73100232152 /* PhotoFormatter.h */,
				3D9FE2081473A73100232152 /* PhotoFormatter.m */,
				3D9FE20B1473A93300232152 /* HRRequestOperation+PhotoExt.h */,
				3D9FE20C1473A93300232152 /* HRRequestOperation+PhotoExt.m */,
			);
			name = Foursquare2;
			sourceTree = "<group>";
		};
/* End PBXGroup section */

/* Begin PBXNativeTarget section */
		3DD481B1146A2E9C00907E04 /* CompanyMap */ = {
			isa = PBXNativeTarget;
			buildConfigurationList = 3DD481F3146A2E9D00907E04 /* Build configuration list for PBXNativeTarget "CompanyMap" */;
			buildPhases = (
				3DD481AE146A2E9C00907E04 /* Sources */,
				3DD481AF146A2E9C00907E04 /* Frameworks */,
				3DD481B0146A2E9C00907E04 /* Resources */,
			);
			buildRules = (
			);
			dependencies = (
			);
			name = CompanyMap;
			productName = CompanyMap;
			productReference = 3DD481B2146A2E9C00907E04 /* CompanyMap.app */;
			productType = "com.apple.product-type.application";
		};
		3DD481E0146A2E9D00907E04 /* CompanyMapTests */ = {
			isa = PBXNativeTarget;
			buildConfigurationList = 3DD481F6146A2E9D00907E04 /* Build configuration list for PBXNativeTarget "CompanyMapTests" */;
			buildPhases = (
				3DD481DC146A2E9D00907E04 /* Sources */,
				3DD481DD146A2E9D00907E04 /* Frameworks */,
				3DD481DE146A2E9D00907E04 /* Resources */,
				3DD481DF146A2E9D00907E04 /* ShellScript */,
			);
			buildRules = (
			);
			dependencies = (
				3DD481E7146A2E9D00907E04 /* PBXTargetDependency */,
			);
			name = CompanyMapTests;
			productName = CompanyMapTests;
			productReference = 3DD481E1146A2E9D00907E04 /* CompanyMapTests.octest */;
			productType = "com.apple.product-type.bundle";
		};
/* End PBXNativeTarget section */

/* Begin PBXProject section */
		3DD481A9146A2E9C00907E04 /* Project object */ = {
			isa = PBXProject;
			attributes = {
				LastUpgradeCheck = 0420;
			};
			buildConfigurationList = 3DD481AC146A2E9C00907E04 /* Build configuration list for PBXProject "CompanyMap" */;
			compatibilityVersion = "Xcode 3.2";
			developmentRegion = English;
			hasScannedForEncodings = 0;
			knownRegions = (
				en,
			);
			mainGroup = 3DD481A7146A2E9C00907E04;
			productRefGroup = 3DD481B3146A2E9C00907E04 /* Products */;
			projectDirPath = "";
			projectRoot = "";
			targets = (
				3DD481B1146A2E9C00907E04 /* CompanyMap */,
				3DD481E0146A2E9D00907E04 /* CompanyMapTests */,
			);
		};
/* End PBXProject section */

/* Begin PBXResourcesBuildPhase section */
		3DD481B0146A2E9C00907E04 /* Resources */ = {
			isa = PBXResourcesBuildPhase;
			buildActionMask = 2147483647;
			files = (
				3DD481C1146A2E9C00907E04 /* InfoPlist.strings in Resources */,
				3DD481CA146A2E9C00907E04 /* MainStoryboard_iPhone.storyboard in Resources */,
				3DD481CD146A2E9C00907E04 /* MainStoryboard_iPad.storyboard in Resources */,
				3DD481D2146A2E9C00907E04 /* first.png in Resources */,
				3DD481D4146A2E9D00907E04 /* first@2x.png in Resources */,
				3DD481D9146A2E9D00907E04 /* second.png in Resources */,
				3DD481DB146A2E9D00907E04 /* second@2x.png in Resources */,
			);
			runOnlyForDeploymentPostprocessing = 0;
		};
		3DD481DE146A2E9D00907E04 /* Resources */ = {
			isa = PBXResourcesBuildPhase;
			buildActionMask = 2147483647;
			files = (
				3DD481ED146A2E9D00907E04 /* InfoPlist.strings in Resources */,
			);
			runOnlyForDeploymentPostprocessing = 0;
		};
/* End PBXResourcesBuildPhase section */

/* Begin PBXShellScriptBuildPhase section */
		3DD481DF146A2E9D00907E04 /* ShellScript */ = {
			isa = PBXShellScriptBuildPhase;
			buildActionMask = 2147483647;
			files = (
			);
			inputPaths = (
			);
			outputPaths = (
			);
			runOnlyForDeploymentPostprocessing = 0;
			shellPath = /bin/sh;
			shellScript = "# Run the unit tests in this test bundle.\n\"${SYSTEM_DEVELOPER_DIR}/Tools/RunUnitTests\"\n";
		};
/* End PBXShellScriptBuildPhase section */

/* Begin PBXSourcesBuildPhase section */
		3DD481AE146A2E9C00907E04 /* Sources */ = {
			isa = PBXSourcesBuildPhase;
			buildActionMask = 2147483647;
			files = (
				3DD481C3146A2E9C00907E04 /* main.m in Sources */,
				3DD481C7146A2E9C00907E04 /* AppDelegate.m in Sources */,
				3DD481D0146A2E9C00907E04 /* MapViewController.m in Sources */,
				3DD481D7146A2E9D00907E04 /* SearchViewController.m in Sources */,
				3DD48200146A3B5C00907E04 /* RecordViewController.m in Sources */,
				3DD4820F146A4B9400907E04 /* Company.xcdatamodeld in Sources */,
				3DD48212146A608A00907E04 /* CompanyMapDataManager.m in Sources */,
				3DF1A0A2146A6BFC0070CA74 /* Visit.m in Sources */,
				3DF1A0A5146A6BFD0070CA74 /* Company.m in Sources */,
				3DF68794146CD0A20096A67B /* FoursquareWebLogin.m in Sources */,
				3DF6879B146CE0940096A67B /* Foursquare2.m in Sources */,
				3D212FE9146CE23700D18562 /* HRGlobal.m in Sources */,
				3D212FEC146CE78400D18562 /* HRRestModel.m in Sources */,
				3D212FF0146CFB2E00D18562 /* HRRequestOperation.m in Sources */,
				3D212FF5146D0D9A00D18562 /* NSDictionary+ParamUtils.m in Sources */,
				3D212FF8146D0DBB00D18562 /* NSObject+InvocationUtils.m in Sources */,
				3D212FFB146D0DD900D18562 /* NSString+EscapingUtils.m in Sources */,
				3D871833146DF2B600C12C0D /* HRFormatJSON.m in Sources */,
				3D8990F914709C7C0010FFF5 /* SBJsonParser.m in Sources */,
				3D89910114709D120010FFF5 /* SBJsonBase.m in Sources */,
				3D89910414709D3B0010FFF5 /* SBJsonWriter.m in Sources */,
				3DCE4B48147100790061C9E5 /* SBJSON.m in Sources */,
				3DCE4B4C14721D810061C9E5 /* NSObject+SBJSON.m in Sources */,
				3DCE4B4F14721DAE0061C9E5 /* NSString+SBJSON.m in Sources */,
				3DCE4B521472316C0061C9E5 /* HRFormatXML.m in Sources */,
				3DCE4B56147233A50061C9E5 /* HRBase64.m in Sources */,
				3DCE4B59147240970061C9E5 /* HROperationQueue.m in Sources */,
				3DCE4B6214724EA30061C9E5 /* AIXMLDocumentSerialize.m in Sources */,
				3DCE4B6514724EC30061C9E5 /* AIXMLElementSerialize.m in Sources */,
				3DCE4B7414724F990061C9E5 /* DDXMLDocument.m in Sources */,
				3DCE4B7514724F990061C9E5 /* DDXMLElement.m in Sources */,
				3DCE4B7614724F990061C9E5 /* DDXMLElementAdditions.m in Sources */,
				3DCE4B7714724F990061C9E5 /* DDXMLNode.m in Sources */,
				3DCE4B7814724F990061C9E5 /* NSStringAdditions.m in Sources */,
				3D9FE2091473A73100232152 /* PhotoFormatter.m in Sources */,
				3D9FE20D1473A93300232152 /* HRRequestOperation+PhotoExt.m in Sources */,
			);
			runOnlyForDeploymentPostprocessing = 0;
		};
		3DD481DC146A2E9D00907E04 /* Sources */ = {
			isa = PBXSourcesBuildPhase;
			buildActionMask = 2147483647;
			files = (
				3DD481F0146A2E9D00907E04 /* CompanyMapTests.m in Sources */,
			);
			runOnlyForDeploymentPostprocessing = 0;
		};
/* End PBXSourcesBuildPhase section */

/* Begin PBXTargetDependency section */
		3DD481E7146A2E9D00907E04 /* PBXTargetDependency */ = {
			isa = PBXTargetDependency;
			target = 3DD481B1146A2E9C00907E04 /* CompanyMap */;
			targetProxy = 3DD481E6146A2E9D00907E04 /* PBXContainerItemProxy */;
		};
/* End PBXTargetDependency section */

/* Begin PBXVariantGroup section */
		3DD481BF146A2E9C00907E04 /* InfoPlist.strings */ = {
			isa = PBXVariantGroup;
			children = (
				3DD481C0146A2E9C00907E04 /* en */,
			);
			name = InfoPlist.strings;
			sourceTree = "<group>";
		};
		3DD481C8146A2E9C00907E04 /* MainStoryboard_iPhone.storyboard */ = {
			isa = PBXVariantGroup;
			children = (
				3DD481C9146A2E9C00907E04 /* en */,
			);
			name = MainStoryboard_iPhone.storyboard;
			sourceTree = "<group>";
		};
		3DD481CB146A2E9C00907E04 /* MainStoryboard_iPad.storyboard */ = {
			isa = PBXVariantGroup;
			children = (
				3DD481CC146A2E9C00907E04 /* en */,
			);
			name = MainStoryboard_iPad.storyboard;
			sourceTree = "<group>";
		};
		3DD481EB146A2E9D00907E04 /* InfoPlist.strings */ = {
			isa = PBXVariantGroup;
			children = (
				3DD481EC146A2E9D00907E04 /* en */,
			);
			name = InfoPlist.strings;
			sourceTree = "<group>";
		};
/* End PBXVariantGroup section */

/* Begin XCBuildConfiguration section */
		3DD481F1146A2E9D00907E04 /* Debug */ = {
			isa = XCBuildConfiguration;
			buildSettings = {
				ALWAYS_SEARCH_USER_PATHS = NO;
				ARCHS = "$(ARCHS_STANDARD_32_BIT)";
				CLANG_ENABLE_OBJC_ARC = YES;
				"CODE_SIGN_IDENTITY[sdk=iphoneos*]" = "iPhone Developer";
				COPY_PHASE_STRIP = NO;
				GCC_C_LANGUAGE_STANDARD = gnu99;
				GCC_DYNAMIC_NO_PIC = NO;
				GCC_OPTIMIZATION_LEVEL = 0;
				GCC_PREPROCESSOR_DEFINITIONS = (
					"DEBUG=1",
					"$(inherited)",
				);
				GCC_SYMBOLS_PRIVATE_EXTERN = NO;
				GCC_VERSION = com.apple.compilers.llvm.clang.1_0;
				GCC_WARN_ABOUT_MISSING_PROTOTYPES = YES;
				GCC_WARN_ABOUT_RETURN_TYPE = YES;
				GCC_WARN_UNUSED_VARIABLE = YES;
				IPHONEOS_DEPLOYMENT_TARGET = 5.0;
				SDKROOT = iphoneos;
				TARGETED_DEVICE_FAMILY = "1,2";
			};
			name = Debug;
		};
		3DD481F2146A2E9D00907E04 /* Release */ = {
			isa = XCBuildConfiguration;
			buildSettings = {
				ALWAYS_SEARCH_USER_PATHS = NO;
				ARCHS = "$(ARCHS_STANDARD_32_BIT)";
				CLANG_ENABLE_OBJC_ARC = YES;
				"CODE_SIGN_IDENTITY[sdk=iphoneos*]" = "iPhone Developer";
				COPY_PHASE_STRIP = YES;
				GCC_C_LANGUAGE_STANDARD = gnu99;
				GCC_VERSION = com.apple.compilers.llvm.clang.1_0;
				GCC_WARN_ABOUT_MISSING_PROTOTYPES = YES;
				GCC_WARN_ABOUT_RETURN_TYPE = YES;
				GCC_WARN_UNUSED_VARIABLE = YES;
				IPHONEOS_DEPLOYMENT_TARGET = 5.0;
				OTHER_CFLAGS = "-DNS_BLOCK_ASSERTIONS=1";
				SDKROOT = iphoneos;
				TARGETED_DEVICE_FAMILY = "1,2";
				VALIDATE_PRODUCT = YES;
			};
			name = Release;
		};
		3DD481F4146A2E9D00907E04 /* Debug */ = {
			isa = XCBuildConfiguration;
			buildSettings = {
				GCC_PRECOMPILE_PREFIX_HEADER = YES;
				GCC_PREFIX_HEADER = "CompanyMap/CompanyMap-Prefix.pch";
				"HEADER_SEARCH_PATHS[arch=*]" = "$(SDKROOT)/usr/include/libxml2";
				INFOPLIST_FILE = "CompanyMap/CompanyMap-Info.plist";
				PRODUCT_NAME = "$(TARGET_NAME)";
				WRAPPER_EXTENSION = app;
			};
			name = Debug;
		};
		3DD481F5146A2E9D00907E04 /* Release */ = {
			isa = XCBuildConfiguration;
			buildSettings = {
				GCC_PRECOMPILE_PREFIX_HEADER = YES;
				GCC_PREFIX_HEADER = "CompanyMap/CompanyMap-Prefix.pch";
				"HEADER_SEARCH_PATHS[arch=*]" = "$(SDKROOT)/usr/include/libxml2";
				INFOPLIST_FILE = "CompanyMap/CompanyMap-Info.plist";
				PRODUCT_NAME = "$(TARGET_NAME)";
				WRAPPER_EXTENSION = app;
			};
			name = Release;
		};
		3DD481F7146A2E9D00907E04 /* Debug */ = {
			isa = XCBuildConfiguration;
			buildSettings = {
				BUNDLE_LOADER = "$(BUILT_PRODUCTS_DIR)/CompanyMap.app/CompanyMap";
				FRAMEWORK_SEARCH_PATHS = (
					"$(SDKROOT)/Developer/Library/Frameworks",
					"$(DEVELOPER_LIBRARY_DIR)/Frameworks",
				);
				GCC_PRECOMPILE_PREFIX_HEADER = YES;
				GCC_PREFIX_HEADER = "CompanyMap/CompanyMap-Prefix.pch";
				INFOPLIST_FILE = "CompanyMapTests/CompanyMapTests-Info.plist";
				PRODUCT_NAME = "$(TARGET_NAME)";
				TEST_HOST = "$(BUNDLE_LOADER)";
				WRAPPER_EXTENSION = octest;
			};
			name = Debug;
		};
		3DD481F8146A2E9D00907E04 /* Release */ = {
			isa = XCBuildConfiguration;
			buildSettings = {
				BUNDLE_LOADER = "$(BUILT_PRODUCTS_DIR)/CompanyMap.app/CompanyMap";
				FRAMEWORK_SEARCH_PATHS = (
					"$(SDKROOT)/Developer/Library/Frameworks",
					"$(DEVELOPER_LIBRARY_DIR)/Frameworks",
				);
				GCC_PRECOMPILE_PREFIX_HEADER = YES;
				GCC_PREFIX_HEADER = "CompanyMap/CompanyMap-Prefix.pch";
				INFOPLIST_FILE = "CompanyMapTests/CompanyMapTests-Info.plist";
				PRODUCT_NAME = "$(TARGET_NAME)";
				TEST_HOST = "$(BUNDLE_LOADER)";
				WRAPPER_EXTENSION = octest;
			};
			name = Release;
		};
/* End XCBuildConfiguration section */

/* Begin XCConfigurationList section */
		3DD481AC146A2E9C00907E04 /* Build configuration list for PBXProject "CompanyMap" */ = {
			isa = XCConfigurationList;
			buildConfigurations = (
				3DD481F1146A2E9D00907E04 /* Debug */,
				3DD481F2146A2E9D00907E04 /* Release */,
			);
			defaultConfigurationIsVisible = 0;
			defaultConfigurationName = Release;
		};
		3DD481F3146A2E9D00907E04 /* Build configuration list for PBXNativeTarget "CompanyMap" */ = {
			isa = XCConfigurationList;
			buildConfigurations = (
				3DD481F4146A2E9D00907E04 /* Debug */,
				3DD481F5146A2E9D00907E04 /* Release */,
			);
			defaultConfigurationIsVisible = 0;
			defaultConfigurationName = Release;
		};
		3DD481F6146A2E9D00907E04 /* Build configuration list for PBXNativeTarget "CompanyMapTests" */ = {
			isa = XCConfigurationList;
			buildConfigurations = (
				3DD481F7146A2E9D00907E04 /* Debug */,
				3DD481F8146A2E9D00907E04 /* Release */,
			);
			defaultConfigurationIsVisible = 0;
			defaultConfigurationName = Release;
		};
/* End XCConfigurationList section */

/* Begin XCVersionGroup section */
		3DD4820D146A4B9400907E04 /* Company.xcdatamodeld */ = {
			isa = XCVersionGroup;
			children = (
				3DD4820E146A4B9400907E04 /* Company.xcdatamodel */,
			);
			currentVersion = 3DD4820E146A4B9400907E04 /* Company.xcdatamodel */;
			path = Company.xcdatamodeld;
			sourceTree = "<group>";
			versionGroupType = wrapper.xcdatamodel;
		};
/* End XCVersionGroup section */
	};
	rootObject = 3DD481A9146A2E9C00907E04 /* Project object */;
}
